{
  "nodes": {
    "home-manager": {
      "inputs": {
        "nixpkgs": [
          "nixpkgs"
        ]
      },
      "locked": {
        "lastModified": 1786603258,
        "narHash": "sha256-j1lYPT7YxOQc/G7NcJKqdpQ5/A5yX2aZdhVKkJR6cM4=",
        "owner": "nix-community",
        "repo": "home-manager",
        "rev": "0668fdbc15bd602e463cab37ff64346021193652",
        "type": "github"
      },
      "original": {
        "owner": "nix-community",
        "repo": "home-manager",
        "type": "github"
      }
    },
    "nixpkgs": {
      "locked": {
        "lastModified": 1786514691,
        "narHash": "sha256-9dkt1i5JNbEfPb+EjLcSDNs8zqEHQ/1JlSaKgj0SBAg=",
        "owner": "nixos",
        "repo": "nixpkgs",
        "rev": "867dcbc30bafe3c862ef88620f2e7a109d7d3be5",
        "type": "github"
      },
      "original": {
        "owner": "nixos",
        "ref": "nixos-unstable",
        "repo": "nixpkgs",
        "type": "github"
      }
    },
    "nixpkgs_2": {
      "locked": {
        "lastModified": 1776877367,
        "narHash": "sha256-EHq1/OX139R1RvBzOJ0aMRT3xnWyqtHBRUBuO1gFzjI=",
        "owner": "nixos",
        "repo": "nixpkgs",
        "rev": "0726a0ecb6d4e08f6adced58726b95db924cef57",
        "type": "github"
      },
      "original": {
        "owner": "nixos",
        "ref": "nixos-unstable",
        "repo": "nixpkgs",
        "type": "github"
      }
    },
    "root": {
      "inputs": {
        "home-manager": "home-manager",
        "nixpkgs": "nixpkgs",
        "textfox": "textfox",
        "tree-sitter": "tree-sitter"
      }
    },
    "textfox": {
      "inputs": {
        "nixpkgs": "nixpkgs_2"
      },
      "locked": {
        "lastModified": 1780405768,
        "narHash": "sha256-WhPHaupeq5yWP53anFH6vr/ZMQQtAYGtpgUhzqWx9Ws=",
        "owner": "adriankarlen",
        "repo": "textfox",
        "rev": "d6895da75f10fa17f1b637759aec3d84818b20e2",
        "type": "github"
      },
      "original": {
        "owner": "adriankarlen",
        "repo": "textfox",
        "type": "github"
      }
    },
    "tree-sitter": {
      "inputs": {
        "nixpkgs": [
          "nixpkgs"
        ]
      },
      "locked": {
        "lastModified": 1786592432,
        "narHash": "sha256-gFC9Z07Jq4WU91ZzwevyLLW82PaBRYTOuVuz1RvhJSU=",
        "owner": "tree-sitter",
        "repo": "tree-sitter",
        "rev": "2b15649f93945469f563fee78967c7cbe3628e19",
        "type": "github"
      },
      "original": {
        "owner": "tree-sitter",
        "repo": "tree-sitter",
        "type": "github"
      }
    }
  },
  "root": "root",
  "version": 7
}
